{
  "name": "Group_5_IMPAIRES_ICT202",
  "lockfileVersion": 2,
  "requires": true,
  "packages": {
    "": {
      "dependencies": {
        "@angular/animation": "^4.0.0-beta.8",
        "@angular/http": "^7.2.16",
        "@awesome-cordova-plugins/toast": "^5.44.0",
        "@ngx-translate/core": "^14.0.0",
        "@ngx-translate/http-loader": "^7.0.0",
        "ionic-angular": "^3.9.10",
        "ionic-stepper": "^1.1.0"
      }
    },
    "node_modules/@angular/animation": {
      "version": "4.0.0-beta.8",
      "resolved": "https://registry.npmjs.org/@angular/animation/-/animation-4.0.0-beta.8.tgz",
      "integrity": "sha512-FYElJm/GTQenyF+cryibW4GEmVqiH4zDRvUo3dirfiz0D7fGM52QWLGlO/FkERnVncxGlcI9uyZZePEgOmMCnA==",
      "peerDependencies": {
        "@angular/core": "4.0.0-beta.8"
      }
    },
    "node_modules/@angular/common": {
      "version": "14.0.2",
      "resolved": "https://registry.npmjs.org/@angular/common/-/common-14.0.2.tgz",
      "integrity": "sha512-vNZpun9ymZEDJ0CWskTZZqCbuCumgYxbsZgp9nALnRAJt3fK8fRFgIZTn7smEXvbStL4PvngnvESa/t9Jd4wMg==",
      "peer": true,
      "dependencies": {
        "tslib": "^2.3.0"
      },
      "engines": {
        "node": "^14.15.0 || >=16.10.0"
      },
      "peerDependencies": {
        "@angular/core": "14.0.2",
        "rxjs": "^6.5.3 || ^7.4.0"
      }
    },
    "node_modules/@angular/core": {
      "version": "4.0.0-beta.8",
      "resolved": "https://registry.npmjs.org/@angular/core/-/core-4.0.0-beta.8.tgz",
      "integrity": "sha512-pUns2KFWDM0EjNn/dG7vNlJBow07lQM1X2yjKWF7tRS7So8hpnjKWgIvUNJa1z8AH7SFf4sjBcR9V8iDqIIt6g==",
      "peer": true,
      "peerDependencies": {
        "rxjs": "^5.0.1",
        "zone.js": "^0.7.2"
      }
    },
    "node_modules/@angular/http": {
      "version": "7.2.16",
      "resolved": "https://registry.npmjs.org/@angular/http/-/http-7.2.16.tgz",
      "integrity": "sha512-yvjbNyzFSmmz4UTjCdy5M8mk0cZqf9TvSf8yN5UVIwtw4joyuUdlgJCuin0qSbQOKIf/JjHoofpO2JkPCGSNww==",
      "deprecated": "Package no longer supported. Use @angular/common instead, see https://angular.io/guide/deprecations#angularhttp",
      "dependencies": {
        "tslib": "^1.9.0"
      },
      "peerDependencies": {
        "@angular/core": "7.2.16",
        "@angular/platform-browser": "7.2.16",
        "rxjs": "^6.0.0"
      }
    },
    "node_modules/@angular/http/node_modules/tslib": {
      "version": "1.14.1",
      "resolved": "https://registry.npmjs.org/tslib/-/tslib-1.14.1.tgz",
      "integrity": "sha512-Xni35NKzjgMrwevysHTCArtLDpPvye8zV/0E4EyYn43P7/7qvQwPh9BGkHewbMulVntbigmcT7rdX3BNo9wRJg=="
    },
    "node_modules/@angular/platform-browser": {
      "version": "7.2.16",
      "resolved": "https://registry.npmjs.org/@angular/platform-browser/-/platform-browser-7.2.16.tgz",
      "integrity": "sha512-6LltxoPlbtUgSec5a+BGPHZ0UYdqFizxSsplC1PoJdqH17DDxQjxcluAfXnLlvOYFSSPvYa73PSOpmUU2vp4gA==",
      "peer": true,
      "dependencies": {
        "tslib": "^1.9.0"
      },
      "peerDependencies": {
        "@angular/common": "7.2.16",
        "@angular/core": "7.2.16"
      }
    },
    "node_modules/@angular/platform-browser/node_modules/tslib": {
      "version": "1.14.1",
      "resolved": "https://registry.npmjs.org/tslib/-/tslib-1.14.1.tgz",
      "integrity": "sha512-Xni35NKzjgMrwevysHTCArtLDpPvye8zV/0E4EyYn43P7/7qvQwPh9BGkHewbMulVntbigmcT7rdX3BNo9wRJg==",
      "peer": true
    },
    "node_modules/@awesome-cordova-plugins/core": {
      "version": "5.44.0",
      "resolved": "https://registry.npmjs.org/@awesome-cordova-plugins/core/-/core-5.44.0.tgz",
      "integrity": "sha512-LFa0RQyKoiMoh8GiFTOUh+SHdxs6XiozCAzOqq0YUrAAGb/sQRwZ+pDtqw0RTSQqN7DV3FH8ayeuHX8LEm3bNA==",
      "peer": true,
      "dependencies": {
        "@types/cordova": "latest"
      },
      "peerDependencies": {
        "rxjs": "^5.5.0 || ^6.5.0 || ^7.3.0"
      }
    },
    "node_modules/@awesome-cordova-plugins/toast": {
      "version": "5.44.0",
      "resolved": "https://registry.npmjs.org/@awesome-cordova-plugins/toast/-/toast-5.44.0.tgz",
      "integrity": "sha512-b+rWA9mWRjUNCswfx4GsDWqQ81yos9ZOxoQAjtdQMXBrDNbpCzQMeAhP1Zb2wgJPALKzkqs4c+KSSCn/F8HOPw==",
      "dependencies": {
        "@types/cordova": "latest"
      },
      "peerDependencies": {
        "@awesome-cordova-plugins/core": "^5.1.0",
        "rxjs": "^5.5.0 || ^6.5.0 || ^7.3.0"
      }
    },
    "node_modules/@ngx-translate/core": {
      "version": "14.0.0",
      "resolved": "https://registry.npmjs.org/@ngx-translate/core/-/core-14.0.0.tgz",
      "integrity": "sha512-UevdwNCXMRCdJv//0kC8h2eSfmi02r29xeE8E9gJ1Al4D4jEJ7eiLPdjslTMc21oJNGguqqWeEVjf64SFtvw2w==",
      "dependencies": {
        "tslib": "^2.3.0"
      },
      "peerDependencies": {
        "@angular/core": ">=13.0.0",
        "rxjs": "^6.5.3 || ^7.4.0"
      }
    },
    "node_modules/@ngx-translate/http-loader": {
      "version": "7.0.0",
      "resolved": "https://registry.npmjs.org/@ngx-translate/http-loader/-/http-loader-7.0.0.tgz",
      "integrity": "sha512-j+NpXXlcGVdyUNyY/qsJrqqeAdJdizCd+GKh3usXExSqy1aE9866jlAIL+xrfDU4w+LiMoma5pgE4emvFebZmA==",
      "dependencies": {
        "tslib": "^2.3.0"
      },
      "peerDependencies": {
        "@angular/common": ">=13.0.0",
        "@ngx-translate/core": ">=14.0.0",
        "rxjs": "^6.5.3 || ^7.4.0"
      }
    },
    "node_modules/@types/cordova": {
      "version": "0.0.34",
      "resolved": "https://registry.npmjs.org/@types/cordova/-/cordova-0.0.34.tgz",
      "integrity": "sha512-rkiiTuf/z2wTd4RxFOb+clE7PF4AEJU0hsczbUdkHHBtkUmpWQpEddynNfJYKYtZFJKbq4F+brfekt1kx85IZA=="
    },
    "node_modules/ionic-angular": {
      "version": "3.9.10",
      "resolved": "https://registry.npmjs.org/ionic-angular/-/ionic-angular-3.9.10.tgz",
      "integrity": "sha512-4nmGrdpu4Zy3SZwF0AaS/3gDrbFGU1dV+zn1eqInFgFj9q20N1cIITgvyIcoxUI/IoqYiohsJX1rGY5vB/HrhQ=="
    },
    "node_modules/ionic-stepper": {
      "version": "1.1.0",
      "resolved": "https://registry.npmjs.org/ionic-stepper/-/ionic-stepper-1.1.0.tgz",
      "integrity": "sha512-+PpZRnls2b5NMlxJ2i+5x/iH8I0akEBOs6klxmflz5t7GOMQfY9uRRnxcna5bmKhCEGoBZv/C17uUypbliJILg=="
    },
    "node_modules/rxjs": {
      "version": "5.5.12",
      "resolved": "https://registry.npmjs.org/rxjs/-/rxjs-5.5.12.tgz",
      "integrity": "sha512-xx2itnL5sBbqeeiVgNPVuQQ1nC8Jp2WfNJhXWHmElW9YmrpS9UVnNzhP3EH3HFqexO5Tlp8GhYY+WEcqcVMvGw==",
      "peer": true,
      "dependencies": {
        "symbol-observable": "1.0.1"
      },
      "engines": {
        "npm": ">=2.0.0"
      }
    },
    "node_modules/symbol-observable": {
      "version": "1.0.1",
      "resolved": "https://registry.npmjs.org/symbol-observable/-/symbol-observable-1.0.1.tgz",
      "integrity": "sha1-g0D8RwLDEi310iKI+IKD9RPT/dQ=",
      "peer": true,
      "engines": {
        "node": ">=0.10.0"
      }
    },
    "node_modules/tslib": {
      "version": "2.4.0",
      "resolved": "https://registry.npmjs.org/tslib/-/tslib-2.4.0.tgz",
      "integrity": "sha512-d6xOpEDfsi2CZVlPQzGeux8XMwLT9hssAsaPYExaQMuYskwb+x1x7J371tWlbBdWHroy99KnVB6qIkUbs5X3UQ=="
    },
    "node_modules/zone.js": {
      "version": "0.7.8",
      "resolved": "https://registry.npmjs.org/zone.js/-/zone.js-0.7.8.tgz",
      "integrity": "sha1-Tz/og01EWX8mOQU6D6Q43zT//e0=",
      "peer": true
    }
  },
  "dependencies": {
    "@angular/animation": {
      "version": "4.0.0-beta.8",
      "resolved": "https://registry.npmjs.org/@angular/animation/-/animation-4.0.0-beta.8.tgz",
      "integrity": "sha512-FYElJm/GTQenyF+cryibW4GEmVqiH4zDRvUo3dirfiz0D7fGM52QWLGlO/FkERnVncxGlcI9uyZZePEgOmMCnA==",
      "requires": {}
    },
    "@angular/common": {
      "version": "14.0.2",
      "resolved": "https://registry.npmjs.org/@angular/common/-/common-14.0.2.tgz",
      "integrity": "sha512-vNZpun9ymZEDJ0CWskTZZqCbuCumgYxbsZgp9nALnRAJt3fK8fRFgIZTn7smEXvbStL4PvngnvESa/t9Jd4wMg==",
      "peer": true,
      "requires": {
        "tslib": "^2.3.0"
      }
    },
    "@angular/core": {
      "version": "4.0.0-beta.8",
      "resolved": "https://registry.npmjs.org/@angular/core/-/core-4.0.0-beta.8.tgz",
      "integrity": "sha512-pUns2KFWDM0EjNn/dG7vNlJBow07lQM1X2yjKWF7tRS7So8hpnjKWgIvUNJa1z8AH7SFf4sjBcR9V8iDqIIt6g==",
      "peer": true,
      "requires": {}
    },
    "@angular/http": {
      "version": "7.2.16",
      "resolved": "https://registry.npmjs.org/@angular/http/-/http-7.2.16.tgz",
      "integrity": "sha512-yvjbNyzFSmmz4UTjCdy5M8mk0cZqf9TvSf8yN5UVIwtw4joyuUdlgJCuin0qSbQOKIf/JjHoofpO2JkPCGSNww==",
      "requires": {
        "tslib": "^1.9.0"
      },
      "dependencies": {
        "tslib": {
          "version": "1.14.1",
          "resolved": "https://registry.npmjs.org/tslib/-/tslib-1.14.1.tgz",
          "integrity": "sha512-Xni35NKzjgMrwevysHTCArtLDpPvye8zV/0E4EyYn43P7/7qvQwPh9BGkHewbMulVntbigmcT7rdX3BNo9wRJg=="
        }
      }
    },
    "@angular/platform-browser": {
      "version": "7.2.16",
      "resolved": "https://registry.npmjs.org/@angular/platform-browser/-/platform-browser-7.2.16.tgz",
      "integrity": "sha512-6LltxoPlbtUgSec5a+BGPHZ0UYdqFizxSsplC1PoJdqH17DDxQjxcluAfXnLlvOYFSSPvYa73PSOpmUU2vp4gA==",
      "peer": true,
      "requires": {
        "tslib": "^1.9.0"
      },
      "dependencies": {
        "tslib": {
          "version": "1.14.1",
          "resolved": "https://registry.npmjs.org/tslib/-/tslib-1.14.1.tgz",
          "integrity": "sha512-Xni35NKzjgMrwevysHTCArtLDpPvye8zV/0E4EyYn43P7/7qvQwPh9BGkHewbMulVntbigmcT7rdX3BNo9wRJg==",
          "peer": true
        }
      }
    },
    "@awesome-cordova-plugins/core": {
      "version": "5.44.0",
      "resolved": "https://registry.npmjs.org/@awesome-cordova-plugins/core/-/core-5.44.0.tgz",
      "integrity": "sha512-LFa0RQyKoiMoh8GiFTOUh+SHdxs6XiozCAzOqq0YUrAAGb/sQRwZ+pDtqw0RTSQqN7DV3FH8ayeuHX8LEm3bNA==",
      "peer": true,
      "requires": {
        "@types/cordova": "latest"
      }
    },
    "@awesome-cordova-plugins/toast": {
      "version": "5.44.0",
      "resolved": "https://registry.npmjs.org/@awesome-cordova-plugins/toast/-/toast-5.44.0.tgz",
      "integrity": "sha512-b+rWA9mWRjUNCswfx4GsDWqQ81yos9ZOxoQAjtdQMXBrDNbpCzQMeAhP1Zb2wgJPALKzkqs4c+KSSCn/F8HOPw==",
      "requires": {
        "@types/cordova": "latest"
      }
    },
    "@ngx-translate/core": {
      "version": "14.0.0",
      "resolved": "https://registry.npmjs.org/@ngx-translate/core/-/core-14.0.0.tgz",
      "integrity": "sha512-UevdwNCXMRCdJv//0kC8h2eSfmi02r29xeE8E9gJ1Al4D4jEJ7eiLPdjslTMc21oJNGguqqWeEVjf64SFtvw2w==",
      "requires": {
        "tslib": "^2.3.0"
      }
    },
    "@ngx-translate/http-loader": {
      "version": "7.0.0",
      "resolved": "https://registry.npmjs.org/@ngx-translate/http-loader/-/http-loader-7.0.0.tgz",
      "integrity": "sha512-j+NpXXlcGVdyUNyY/qsJrqqeAdJdizCd+GKh3usXExSqy1aE9866jlAIL+xrfDU4w+LiMoma5pgE4emvFebZmA==",
      "requires": {
        "tslib": "^2.3.0"
      }
    },
    "@types/cordova": {
      "version": "0.0.34",
      "resolved": "https://registry.npmjs.org/@types/cordova/-/cordova-0.0.34.tgz",
      "integrity": "sha512-rkiiTuf/z2wTd4RxFOb+clE7PF4AEJU0hsczbUdkHHBtkUmpWQpEddynNfJYKYtZFJKbq4F+brfekt1kx85IZA=="
    },
    "ionic-angular": {
      "version": "3.9.10",
      "resolved": "https://registry.npmjs.org/ionic-angular/-/ionic-angular-3.9.10.tgz",
      "integrity": "sha512-4nmGrdpu4Zy3SZwF0AaS/3gDrbFGU1dV+zn1eqInFgFj9q20N1cIITgvyIcoxUI/IoqYiohsJX1rGY5vB/HrhQ=="
    },
    "ionic-stepper": {
      "version": "1.1.0",
      "resolved": "https://registry.npmjs.org/ionic-stepper/-/ionic-stepper-1.1.0.tgz",
      "integrity": "sha512-+PpZRnls2b5NMlxJ2i+5x/iH8I0akEBOs6klxmflz5t7GOMQfY9uRRnxcna5bmKhCEGoBZv/C17uUypbliJILg=="
    },
    "rxjs": {
      "version": "5.5.12",
      "resolved": "https://registry.npmjs.org/rxjs/-/rxjs-5.5.12.tgz",
      "integrity": "sha512-xx2itnL5sBbqeeiVgNPVuQQ1nC8Jp2WfNJhXWHmElW9YmrpS9UVnNzhP3EH3HFqexO5Tlp8GhYY+WEcqcVMvGw==",
      "peer": true,
      "requires": {
        "symbol-observable": "1.0.1"
      }
    },
    "symbol-observable": {
      "version": "1.0.1",
      "resolved": "https://registry.npmjs.org/symbol-observable/-/symbol-observable-1.0.1.tgz",
      "integrity": "sha1-g0D8RwLDEi310iKI+IKD9RPT/dQ=",
      "peer": true
    },
    "tslib": {
      "version": "2.4.0",
      "resolved": "https://registry.npmjs.org/tslib/-/tslib-2.4.0.tgz",
      "integrity": "sha512-d6xOpEDfsi2CZVlPQzGeux8XMwLT9hssAsaPYExaQMuYskwb+x1x7J371tWlbBdWHroy99KnVB6qIkUbs5X3UQ=="
    },
    "zone.js": {
      "version": "0.7.8",
      "resolved": "https://registry.npmjs.org/zone.js/-/zone.js-0.7.8.tgz",
      "integrity": "sha1-Tz/og01EWX8mOQU6D6Q43zT//e0=",
      "peer": true
    }
  }
}
